Microsoft Visual Studio Solution File, Format Version 12.00
# Visual Studio Version 17
VisualStudioVersion = 17.6.33723.286
MinimumVisualStudioVersion = 10.0.40219.1
Project("{9A19103F-16F7-4668-BE54-9A1E7A4F7556}") = "Sample", "Sample\Sample.csproj", "{6D0553F4-06F0-4276-B76E-E11F594E6771}"
EndProject
Project("{9A19103F-16F7-4668-BE54-9A1E7A4F7556}") = "QQWry", "QQWry\QQWry.csproj", "{BB221A72-B661-4FF6-A6FF-0D8B9AF7F052}"
EndProject
Project("{9A19103F-16F7-4668-BE54-9A1E7A4F7556}") = "QQWry.DependencyInjection", "QQWry.DependencyInjection\QQWry.DependencyInjection.csproj", "{8E9103A8-904C-4628-A4F6-956AC02D7E8D}"
EndProject
Project("{9A19103F-16F7-4668-BE54-9A1E7A4F7556}") = "QQWry.Test", "QQWryTest\QQWry.Test.csproj", "{6D25D7F6-15A5-48A3-8817-00F0074BBDAD}"
EndProject
Project("{2150E333-8FDC-42A3-9474-1A3956D46DE8}") = "solution items", "solution items", "{A960908C-6C2D-4C05-8C5E-86B372826708}"
	ProjectSection(SolutionItems) = preProject
		Build.ps1 = Build.ps1
		LICENSE = LICENSE
		.github\workflows\build.yml = .github\workflows\build.yml
		README.md = README.md
		.github\workflows\release.yml = .github\workflows\release.yml
	EndProjectSection
EndProject
Global
	GlobalSection(SolutionConfigurationPlatforms) = preSolution
		Debug|Any CPU = Debug|Any CPU
		Release|Any CPU = Release|Any CPU
	EndGlobalSection
	GlobalSection(ProjectConfigurationPlatforms) = postSolution
		{6D0553F4-06F0-4276-B76E-E11F594E6771}.Debug|Any CPU.ActiveCfg = Debug|Any CPU
		{6D0553F4-06F0-4276-B76E-E11F594E6771}.Debug|Any CPU.Build.0 = Debug|Any CPU
		{6D0553F4-06F0-4276-B76E-E11F594E6771}.Release|Any CPU.ActiveCfg = Release|Any CPU
		{6D0553F4-06F0-4276-B76E-E11F594E6771}.Release|Any CPU.Build.0 = Release|Any CPU
		{BB221A72-B661-4FF6-A6FF-0D8B9AF7F052}.Debug|Any CPU.ActiveCfg = Debug|Any CPU
		{BB221A72-B661-4FF6-A6FF-0D8B9AF7F052}.Debug|Any CPU.Build.0 = Debug|Any CPU
		{BB221A72-B661-4FF6-A6FF-0D8B9AF7F052}.Release|Any CPU.ActiveCfg = Release|Any CPU
		{BB221A72-B661-4FF6-A6FF-0D8B9AF7F052}.Release|Any CPU.Build.0 = Release|Any CPU
		{8E9103A8-904C-4628-A4F6-956AC02D7E8D}.Debug|Any CPU.ActiveCfg = Debug|Any CPU
		{8E9103A8-904C-4628-A4F6-956AC02D7E8D}.Debug|Any CPU.Build.0 = Debug|Any CPU
		{8E9103A8-904C-4628-A4F6-956AC02D7E8D}.Release|Any CPU.ActiveCfg = Release|Any CPU
		{8E9103A8-904C-4628-A4F6-956AC02D7E8D}.Release|Any CPU.Build.0 = Release|Any CPU
		{6D25D7F6-15A5-48A3-8817-00F0074BBDAD}.Debug|Any CPU.ActiveCfg = Debug|Any CPU
		{6D25D7F6-15A5-48A3-8817-00F0074BBDAD}.Debug|Any CPU.Build.0 = Debug|Any CPU
		{6D25D7F6-15A5-48A3-8817-00F0074BBDAD}.Release|Any CPU.ActiveCfg = Release|Any CPU
		{6D25D7F6-15A5-48A3-8817-00F0074BBDAD}.Release|Any CPU.Build.0 = Release|Any CPU
	EndGlobalSection
	GlobalSection(SolutionProperties) = preSolution
		HideSolutionNode = FALSE
	EndGlobalSection
	GlobalSection(ExtensibilityGlobals) = postSolution
		SolutionGuid = {7CDAEBC0-B8FB-496A-8C20-7D4ED2EEC407}
	EndGlobalSection
EndGlobal
